// !$*UTF8*$!
{
	archiveVersion = 1;
	classes = {
	};
	objectVersion = 77;
	objects = {

/* Begin PBXBuildFile section */
		62564F322FA857A400FF0F84 /* Quartz.framework in Frameworks */ = {isa = PBXBuildFile; fileRef = 62564F312FA857A400FF0F84 /* Quartz.framework */; };
		62564F3E2FA857A400FF0F84 /* Quicklook.appex in Embed Foundation Extensions */ = {isa = PBXBuildFile; fileRef = 62564F302FA857A400FF0F84 /* Quicklook.appex */; platformFilters = (macos, ); settings = {ATTRIBUTES = (RemoveHeadersOnCopy, ); }; };
		62564F442FA857C400FF0F84 /* GalleyCoreKit.framework in Frameworks */ = {isa = PBXBuildFile; fileRef = 62D5E4332FA5D93700CADD72 /* GalleyCoreKit.framework */; };
		62CC3C6E2FA7BA440018F091 /* GalleyCoreKit.framework in Frameworks */ = {isa = PBXBuildFile; fileRef = 62D5E4332FA5D93700CADD72 /* GalleyCoreKit.framework */; };
		62CC3C6F2FA7BA440018F091 /* GalleyCoreKit.framework in Embed Frameworks */ = {isa = PBXBuildFile; fileRef = 62D5E4332FA5D93700CADD72 /* GalleyCoreKit.framework */; settings = {ATTRIBUTES = (CodeSignOnCopy, RemoveHeadersOnCopy, ); }; };
		62D5E0A52FA5BE7800CADD72 /* Galley Server.app in Resources */ = {isa = PBXBuildFile; fileRef = 626E8D4F2F9DD1C700BD51F9 /* Galley Server.app */; platformFilters = (macos, ); };
		62D5E4392FA5D93700CADD72 /* GalleyCoreKit.framework in Frameworks */ = {isa = PBXBuildFile; fileRef = 62D5E4332FA5D93700CADD72 /* GalleyCoreKit.framework */; };
		62D5E44A2FA5D95400CADD72 /* GalleyServerKit.framework in Frameworks */ = {isa = PBXBuildFile; fileRef = 62D5E4442FA5D95400CADD72 /* GalleyServerKit.framework */; platformFilters = (macos, ); };
		62D5E44B2FA5D95400CADD72 /* GalleyServerKit.framework in Embed Frameworks */ = {isa = PBXBuildFile; fileRef = 62D5E4442FA5D95400CADD72 /* GalleyServerKit.framework */; platformFilters = (macos, ); settings = {ATTRIBUTES = (CodeSignOnCopy, RemoveHeadersOnCopy, ); }; };
		62D5E49C2FA5D9D900CADD72 /* Markdown in Frameworks */ = {isa = PBXBuildFile; productRef = 62D5E49B2FA5D9D900CADD72 /* Markdown */; };
		62D5E49F2FA5D9F100CADD72 /* Hummingbird in Frameworks */ = {isa = PBXBuildFile; productRef = 62D5E49E2FA5D9F100CADD72 /* Hummingbird */; };
		62D5E4A12FA5D9F100CADD72 /* HummingbirdTLS in Frameworks */ = {isa = PBXBuildFile; productRef = 62D5E4A02FA5D9F100CADD72 /* HummingbirdTLS */; };
		62D5E4B02FA5DA3300CADD72 /* GalleyServerKit.framework in Frameworks */ = {isa = PBXBuildFile; fileRef = 62D5E4442FA5D95400CADD72 /* GalleyServerKit.framework */; };
		62D5E4B12FA5DA4800CADD72 /* GalleyCoreKit.framework in Embed Frameworks */ = {isa = PBXBuildFile; fileRef = 62D5E4332FA5D93700CADD72 /* GalleyCoreKit.framework */; settings = {ATTRIBUTES = (CodeSignOnCopy, RemoveHeadersOnCopy, ); }; };
		62D5E4B32FA5DAEC00CADD72 /* ALFoundation in Frameworks */ = {isa = PBXBuildFile; productRef = 62D5E4B22FA5DAEC00CADD72 /* ALFoundation */; };
		62D5E4B42FA5DB4D00CADD72 /* GalleyCoreKit.framework in Frameworks */ = {isa = PBXBuildFile; fileRef = 62D5E4332FA5D93700CADD72 /* GalleyCoreKit.framework */; };
		62D5E4B62FA5DB9200CADD72 /* ALFoundation in Frameworks */ = {isa = PBXBuildFile; productRef = 62D5E4B52FA5DB9200CADD72 /* ALFoundation */; };
		62D5E4B72FA5DB9800CADD72 /* GalleyCoreKit.framework in Frameworks */ = {isa = PBXBuildFile; fileRef = 62D5E4332FA5D93700CADD72 /* GalleyCoreKit.framework */; };
		62FA000300000000CADD7300 /* ObservableDefaults in Frameworks */ = {isa = PBXBuildFile; productRef = 62FA000200000000CADD7300 /* ObservableDefaults */; };
		62FE000100000000CADD7201 /* GalleyCoreKit.framework in Frameworks */ = {isa = PBXBuildFile; fileRef = 62D5E4332FA5D93700CADD72 /* GalleyCoreKit.framework */; };
		62FE000200000000CADD7201 /* GalleyServerKit.framework in Frameworks */ = {isa = PBXBuildFile; fileRef = 62D5E4442FA5D95400CADD72 /* GalleyServerKit.framework */; };
		62FE000300000000CADD7201 /* ALFoundation in Frameworks */ = {isa = PBXBuildFile; productRef = 62FE000400000000CADD7201 /* ALFoundation */; };
/* End PBXBuildFile section */

/* Begin PBXContainerItemProxy section */
		62564F3C2FA857A400FF0F84 /* PBXContainerItemProxy */ = {
			isa = PBXContainerItemProxy;
			containerPortal = 626E8D472F9DD1C700BD51F9 /* Project object */;
			proxyType = 1;
			remoteGlobalIDString = 62564F2F2FA857A400FF0F84;
			remoteInfo = Quicklook;
		};
		62564F462FA857C400FF0F84 /* PBXContainerItemProxy */ = {
			isa = PBXContainerItemProxy;
			containerPortal = 626E8D472F9DD1C700BD51F9 /* Project object */;
			proxyType = 1;
			remoteGlobalIDString = 62D5E4322FA5D93700CADD72;
			remoteInfo = GalleyCoreKit;
		};
		62B8BEAE2FB96B6A004FB681 /* PBXContainerItemProxy */ = {
			isa = PBXContainerItemProxy;
			containerPortal = 626E8D472F9DD1C700BD51F9 /* Project object */;
			proxyType = 1;
			remoteGlobalIDString = 62D5E4322FA5D93700CADD72;
			remoteInfo = GalleyCoreKit;
		};
		62CC3C652FA7B8F90018F091 /* PBXContainerItemProxy */ = {
			isa = PBXContainerItemProxy;
			containerPortal = 626E8D472F9DD1C700BD51F9 /* Project object */;
			proxyType = 1;
			remoteGlobalIDString = 62D5CA182FA048F000CADD72;
			remoteInfo = Viewer;
		};
		62CC3C702FA7BA440018F091 /* PBXContainerItemProxy */ = {
			isa = PBXContainerItemProxy;
			containerPortal = 626E8D472F9DD1C700BD51F9 /* Project object */;
			proxyType = 1;
			remoteGlobalIDString = 62D5E4322FA5D93700CADD72;
			remoteInfo = GalleyCoreKit;
		};
		62D5E4A82FA5DA1F00CADD72 /* PBXContainerItemProxy */ = {
			isa = PBXContainerItemProxy;
			containerPortal = 626E8D472F9DD1C700BD51F9 /* Project object */;
			proxyType = 1;
			remoteGlobalIDString = 62D5E4322FA5D93700CADD72;
			remoteInfo = GalleyCoreKit;
		};
		62D5E4AE2FA5DA2A00CADD72 /* PBXContainerItemProxy */ = {
			isa = PBXContainerItemProxy;
			containerPortal = 626E8D472F9DD1C700BD51F9 /* Project object */;
			proxyType = 1;
			remoteGlobalIDString = 62D5E4432FA5D95400CADD72;
			remoteInfo = GalleyServerKit;
		};
		62D5E4DD2FA5E08800CADD72 /* PBXContainerItemProxy */ = {
			isa = PBXContainerItemProxy;
			containerPortal = 626E8D472F9DD1C700BD51F9 /* Project object */;
			proxyType = 1;
			remoteGlobalIDString = 62D5CA182FA048F000CADD72;
			remoteInfo = Viewer;
		};
		62D5E7682FA5E20100CADD72 /* PBXContainerItemProxy */ = {
			isa = PBXContainerItemProxy;
			containerPortal = 626E8D472F9DD1C700BD51F9 /* Project object */;
			proxyType = 1;
			remoteGlobalIDString = 626E8D4E2F9DD1C700BD51F9;
			remoteInfo = Server;
		};
/* End PBXContainerItemProxy section */

/* Begin PBXCopyFilesBuildPhase section */
		62564F432FA857A400FF0F84 /* Embed Foundation Extensions */ = {
			isa = PBXCopyFilesBuildPhase;
			buildActionMask = 2147483647;
			dstPath = "";
			dstSubfolderSpec = 13;
			files = (
				62564F3E2FA857A400FF0F84 /* Quicklook.appex in Embed Foundation Extensions */,
			);
			name = "Embed Foundation Extensions";
			runOnlyForDeploymentPostprocessing = 0;
		};
		62CC3C722FA7BA440018F091 /* Embed Frameworks */ = {
			isa = PBXCopyFilesBuildPhase;
			buildActionMask = 2147483647;
			dstPath = "";
			dstSubfolderSpec = 10;
			files = (
				62CC3C6F2FA7BA440018F091 /* GalleyCoreKit.framework in Embed Frameworks */,
			);
			name = "Embed Frameworks";
			runOnlyForDeploymentPostprocessing = 0;
		};
		62D5E1042FA5C53400CADD72 /* Embed Frameworks */ = {
			isa = PBXCopyFilesBuildPhase;
			buildActionMask = 2147483647;
			dstPath = "";
			dstSubfolderSpec = 10;
			files = (
				62D5E4B12FA5DA4800CADD72 /* GalleyCoreKit.framework in Embed Frameworks */,
				62D5E44B2FA5D95400CADD72 /* GalleyServerKit.framework in Embed Frameworks */,
			);
			name = "Embed Frameworks";
			runOnlyForDeploymentPostprocessing = 0;
		};
		62D5E43E2FA5D93700CADD72 /* Embed Frameworks */ = {
			isa = PBXCopyFilesBuildPhase;
			buildActionMask = 2147483647;
			dstPath = "";
			dstSubfolderSpec = 10;
			files = (
			);
			name = "Embed Frameworks";
			runOnlyForDeploymentPostprocessing = 0;
		};
/* End PBXCopyFilesBuildPhase section */

/* Begin PBXFileReference section */
		62564F302FA857A400FF0F84 /* Quicklook.appex */ = {isa = PBXFileReference; explicitFileType = "wrapper.app-extension"; includeInIndex = 0; path = Quicklook.appex; sourceTree = BUILT_PRODUCTS_DIR; };
		62564F312FA857A400FF0F84 /* Quartz.framework */ = {isa = PBXFileReference; lastKnownFileType = wrapper.framework; name = Quartz.framework; path = System/Library/Frameworks/Quartz.framework; sourceTree = SDKROOT; };
		626E8D4F2F9DD1C700BD51F9 /* Galley Server.app */ = {isa = PBXFileReference; explicitFileType = wrapper.application; includeInIndex = 0; path = "Galley Server.app"; sourceTree = BUILT_PRODUCTS_DIR; };
		626E8D5C2F9DD1C800BD51F9 /* Tests.xctest */ = {isa = PBXFileReference; explicitFileType = wrapper.cfbundle; includeInIndex = 0; path = Tests.xctest; sourceTree = BUILT_PRODUCTS_DIR; };
		62B8B6E52FB92DF9004FB681 /* RealityKitContent */ = {isa = PBXFileReference; lastKnownFileType = wrapper; path = RealityKitContent; sourceTree = "<group>"; };
		62CC3C5F2FA7B8F90018F091 /* UITests.xctest */ = {isa = PBXFileReference; explicitFileType = wrapper.cfbundle; includeInIndex = 0; path = UITests.xctest; sourceTree = BUILT_PRODUCTS_DIR; };
		62D5CA192FA048F000CADD72 /* Galley.app */ = {isa = PBXFileReference; explicitFileType = wrapper.application; includeInIndex = 0; path = Galley.app; sourceTree = BUILT_PRODUCTS_DIR; };
		62D5E4332FA5D93700CADD72 /* GalleyCoreKit.framework */ = {isa = PBXFileReference; explicitFileType = wrapper.framework; includeInIndex = 0; path = GalleyCoreKit.framework; sourceTree = BUILT_PRODUCTS_DIR; };
		62D5E4442FA5D95400CADD72 /* GalleyServerKit.framework */ = {isa = PBXFileReference; explicitFileType = wrapper.framework; includeInIndex = 0; path = GalleyServerKit.framework; sourceTree = BUILT_PRODUCTS_DIR; };
/* End PBXFileReference section */

/* Begin PBXFileSystemSynchronizedBuildFileExceptionSet section */
		62564F3F2FA857A400FF0F84 /* Exceptions for "Quicklook" folder in "Quicklook" target */ = {
			isa = PBXFileSystemSynchronizedBuildFileExceptionSet;
			membershipExceptions = (
				Info.plist,
			);
			target = 62564F2F2FA857A400FF0F84 /* Quicklook */;
		};
		62B8BEAD2FB96756004FB681 /* Exceptions for "Viewer" folder in "Viewer" target */ = {
			isa = PBXFileSystemSynchronizedBuildFileExceptionSet;
			membershipExceptions = (
				Resources/Info.plist,
			);
			platformFiltersByRelativePath = {
				App/mac/MacViewerApp.swift = (macos, );
				App/mac/ViewerAppDelegate.swift = (macos, );
				"Models/mac/DocumentModel+Print.swift" = (macos, );
				Models/mac/EditorChoice.swift = (macos, );
				Models/mac/EditorPreset.swift = (macos, );
				Models/mac/WindowDispatcher.swift = (macos, );
				Resources/AppIcon.icon = (macos, );
				Resources/mac/BBEditScripts.bundle = (macos, );
				Resources/mac/XCodeScripts.bundle = (macos, );
				Resources/mac/net.leuski.galley.server.plist = (macos, );
				Utilities/mac/ActiveServerAgent.swift = (macos, );
				Utilities/mac/LaunchctlServerAgent.swift = (macos, );
				Utilities/mac/ServerAgent.swift = (macos, );
				Views/mac/BootstrapModifier.swift = (macos, );
				Views/mac/DocumentView.swift = (macos, );
				Views/mac/HelpWindowView.swift = (macos, );
				Views/mac/MacContentView.swift = (macos, );
				Views/mac/Menus/EditCommands.swift = (macos, );
				Views/mac/Menus/FileCommands.swift = (macos, );
				Views/mac/Menus/FormatCommands.swift = (macos, );
				Views/mac/Menus/HelpCommands.swift = (macos, );
				Views/mac/Menus/ViewCommands.swift = (macos, );
				Views/mac/NewTabAction.swift = (macos, );
				Views/mac/ServerStatusPill.swift = (macos, );
				Views/mac/Settings/GeneralSettingsView.swift = (macos, );
				Views/mac/Settings/MarkdownSettingsView.swift = (macos, );
				Views/mac/Settings/ServerSettingsView.swift = (macos, );
				Views/mac/SettingsView.swift = (macos, );
				Views/mac/WelcomeView.swift = (macos, );
				Views/mac/WindowAccessor.swift = (macos, );
				Views/vision/VisionContentView.swift = (xros, );
			};
			target = 62D5CA182FA048F000CADD72 /* Viewer */;
		};
		62D5EB3A2FA5E36900CADD72 /* Exceptions for "Tests" folder in "Tests" target */ = {
			isa = PBXFileSystemSynchronizedBuildFileExceptionSet;
			membershipExceptions = (
				TestPlan.xctestplan,
			);
			target = 626E8D5B2F9DD1C800BD51F9 /* Tests */;
		};
/* End PBXFileSystemSynchronizedBuildFileExceptionSet section */

/* Begin PBXFileSystemSynchronizedRootGroup section */
		62564F332FA857A400FF0F84 /* Quicklook */ = {
			isa = PBXFileSystemSynchronizedRootGroup;
			exceptions = (
				62564F3F2FA857A400FF0F84 /* Exceptions for "Quicklook" folder in "Quicklook" target */,
			);
			path = Quicklook;
			sourceTree = "<group>";
		};
		626B7C552FB0F65A00075804 /* docs */ = {
			isa = PBXFileSystemSynchronizedRootGroup;
			path = docs;
			sourceTree = "<group>";
		};
		62CC3C602FA7B8F90018F091 /* UITests */ = {
			isa = PBXFileSystemSynchronizedRootGroup;
			path = UITests;
			sourceTree = "<group>";
		};
		62D5C9302FA01C3900CADD72 /* Scripts */ = {
			isa = PBXFileSystemSynchronizedRootGroup;
			path = Scripts;
			sourceTree = "<group>";
		};
		62D5D5292FA1673B00CADD72 /* Server */ = {
			isa = PBXFileSystemSynchronizedRootGroup;
			path = Server;
			sourceTree = "<group>";
		};
		62D5D5432FA1674A00CADD72 /* Viewer */ = {
			isa = PBXFileSystemSynchronizedRootGroup;
			exceptions = (
				62B8BEAD2FB96756004FB681 /* Exceptions for "Viewer" folder in "Viewer" target */,
			);
			path = Viewer;
			sourceTree = "<group>";
		};
		62D5E4562FA5D99A00CADD72 /* GalleyServerKit */ = {
			isa = PBXFileSystemSynchronizedRootGroup;
			path = GalleyServerKit;
			sourceTree = "<group>";
		};
		62D5E4802FA5D9AB00CADD72 /* GalleyCoreKit */ = {
			isa = PBXFileSystemSynchronizedRootGroup;
			path = GalleyCoreKit;
			sourceTree = "<group>";
		};
		62D5E4D52FA5E06F00CADD72 /* Tests */ = {
			isa = PBXFileSystemSynchronizedRootGroup;
			exceptions = (
				62D5EB3A2FA5E36900CADD72 /* Exceptions for "Tests" folder in "Tests" target */,
			);
			path = Tests;
			sourceTree = "<group>";
		};
/* End PBXFileSystemSynchronizedRootGroup section */

/* Begin PBXFrameworksBuildPhase section */
		62564F2D2FA857A400FF0F84 /* Frameworks */ = {
			isa = PBXFrameworksBuildPhase;
			buildActionMask = 2147483647;
			files = (
				62564F442FA857C400FF0F84 /* GalleyCoreKit.framework in Frameworks */,
				62564F322FA857A400FF0F84 /* Quartz.framework in Frameworks */,
			);
			runOnlyForDeploymentPostprocessing = 0;
		};
		626E8D4C2F9DD1C700BD51F9 /* Frameworks */ = {
			isa = PBXFrameworksBuildPhase;
			buildActionMask = 2147483647;
			files = (
				62D5E4B02FA5DA3300CADD72 /* GalleyServerKit.framework in Frameworks */,
				62D5E4392FA5D93700CADD72 /* GalleyCoreKit.framework in Frameworks */,
			);
			runOnlyForDeploymentPostprocessing = 0;
		};
		626E8D592F9DD1C800BD51F9 /* Frameworks */ = {
			isa = PBXFrameworksBuildPhase;
			buildActionMask = 2147483647;
			files = (
				62FE000100000000CADD7201 /* GalleyCoreKit.framework in Frameworks */,
				62FE000200000000CADD7201 /* GalleyServerKit.framework in Frameworks */,
				62FE000300000000CADD7201 /* ALFoundation in Frameworks */,
			);
			runOnlyForDeploymentPostprocessing = 0;
		};
		62CC3C5C2FA7B8F90018F091 /* Frameworks */ = {
			isa = PBXFrameworksBuildPhase;
			buildActionMask = 2147483647;
			files = (
				62CC3C6E2FA7BA440018F091 /* GalleyCoreKit.framework in Frameworks */,
			);
			runOnlyForDeploymentPostprocessing = 0;
		};
		62D5CA162FA048F000CADD72 /* Frameworks */ = {
			isa = PBXFrameworksBuildPhase;
			buildActionMask = 2147483647;
			files = (
				62D5E4B72FA5DB9800CADD72 /* GalleyCoreKit.framework in Frameworks */,
				62D5E4B62FA5DB9200CADD72 /* ALFoundation in Frameworks */,
				62D5E44A2FA5D95400CADD72 /* GalleyServerKit.framework in Frameworks */,
			);
			runOnlyForDeploymentPostprocessing = 0;
		};
		62D5E4302FA5D93700CADD72 /* Frameworks */ = {
			isa = PBXFrameworksBuildPhase;
			buildActionMask = 2147483647;
			files = (
				62D5E4B32FA5DAEC00CADD72 /* ALFoundation in Frameworks */,
				62D5E49C2FA5D9D900CADD72 /* Markdown in Frameworks */,
				62FA000300000000CADD7300 /* ObservableDefaults in Frameworks */,
			);
			runOnlyForDeploymentPostprocessing = 0;
		};
		62D5E4412FA5D95400CADD72 /* Frameworks */ = {
			isa = PBXFrameworksBuildPhase;
			buildActionMask = 2147483647;
			files = (
				62D5E4B42FA5DB4D00CADD72 /* GalleyCoreKit.framework in Frameworks */,
				62D5E49F2FA5D9F100CADD72 /* Hummingbird in Frameworks */,
				62D5E4A12FA5D9F100CADD72 /* HummingbirdTLS in Frameworks */,
			);
			runOnlyForDeploymentPostprocessing = 0;
		};
/* End PBXFrameworksBuildPhase section */

/* Begin PBXGroup section */
		626E8D462F9DD1C700BD51F9 = {
			isa = PBXGroup;
			children = (
				626B7C552FB0F65A00075804 /* docs */,
				62D5E0FF2FA5C53400CADD72 /* Frameworks */,
				62B8B6E42FB92DF9004FB681 /* Packages */,
				626E8D502F9DD1C700BD51F9 /* Products */,
				62D5C9302FA01C3900CADD72 /* Scripts */,
				62D5D51C2FA1672700CADD72 /* Sources */,
				62D5E4D52FA5E06F00CADD72 /* Tests */,
				62CC3C602FA7B8F90018F091 /* UITests */,
			);
			sourceTree = "<group>";
		};
		626E8D502F9DD1C700BD51F9 /* Products */ = {
			isa = PBXGroup;
			children = (
				626E8D4F2F9DD1C700BD51F9 /* Galley Server.app */,
				626E8D5C2F9DD1C800BD51F9 /* Tests.xctest */,
				62D5CA192FA048F000CADD72 /* Galley.app */,
				62D5E4332FA5D93700CADD72 /* GalleyCoreKit.framework */,
				62D5E4442FA5D95400CADD72 /* GalleyServerKit.framework */,
				62CC3C5F2FA7B8F90018F091 /* UITests.xctest */,
				62564F302FA857A400FF0F84 /* Quicklook.appex */,
			);
			name = Products;
			sourceTree = "<group>";
		};
		62B8B6E42FB92DF9004FB681 /* Packages */ = {
			isa = PBXGroup;
			children = (
				62B8B6E52FB92DF9004FB681 /* RealityKitContent */,
			);
			path = Packages;
			sourceTree = "<group>";
		};
		62D5D51C2FA1672700CADD72 /* Sources */ = {
			isa = PBXGroup;
			children = (
				62D5E4802FA5D9AB00CADD72 /* GalleyCoreKit */,
				62D5E4562FA5D99A00CADD72 /* GalleyServerKit */,
				62564F332FA857A400FF0F84 /* Quicklook */,
				62D5D5292FA1673B00CADD72 /* Server */,
				62D5D5432FA1674A00CADD72 /* Viewer */,
			);
			path = Sources;
			sourceTree = "<group>";
		};
		62D5E0FF2FA5C53400CADD72 /* Frameworks */ = {
			isa = PBXGroup;
			children = (
				62564F312FA857A400FF0F84 /* Quartz.framework */,
			);
			name = Frameworks;
			sourceTree = "<group>";
		};
/* End PBXGroup section */

/* Begin PBXHeadersBuildPhase section */
		62D5E42E2FA5D93700CADD72 /* Headers */ = {
			isa = PBXHeadersBuildPhase;
			buildActionMask = 2147483647;
			files = (
			);
			runOnlyForDeploymentPostprocessing = 0;
		};
		62D5E43F2FA5D95400CADD72 /* Headers */ = {
			isa = PBXHeadersBuildPhase;
			buildActionMask = 2147483647;
			files = (
			);
			runOnlyForDeploymentPostprocessing = 0;
		};
/* End PBXHeadersBuildPhase section */

/* Begin PBXNativeTarget section */
		62564F2F2FA857A400FF0F84 /* Quicklook */ = {
			isa = PBXNativeTarget;
			buildConfigurationList = 62564F402FA857A400FF0F84 /* Build configuration list for PBXNativeTarget "Quicklook" */;
			buildPhases = (
				62564F2C2FA857A400FF0F84 /* Sources */,
				62564F2D2FA857A400FF0F84 /* Frameworks */,
				62564F2E2FA857A400FF0F84 /* Resources */,
			);
			buildRules = (
			);
			dependencies = (
				62564F472FA857C400FF0F84 /* PBXTargetDependency */,
			);
			fileSystemSynchronizedGroups = (
				62564F332FA857A400FF0F84 /* Quicklook */,
			);
			name = Quicklook;
			packageProductDependencies = (
			);
			productName = Quicklook;
			productReference = 62564F302FA857A400FF0F84 /* Quicklook.appex */;
			productType = "com.apple.product-type.app-extension";
		};
		626E8D4E2F9DD1C700BD51F9 /* Server */ = {
			isa = PBXNativeTarget;
			buildConfigurationList = 626E8D702F9DD1C800BD51F9 /* Build configuration list for PBXNativeTarget "Server" */;
			buildPhases = (
				626E8D4B2F9DD1C700BD51F9 /* Sources */,
				626E8D4C2F9DD1C700BD51F9 /* Frameworks */,
				626E8D4D2F9DD1C700BD51F9 /* Resources */,
				62D5E43E2FA5D93700CADD72 /* Embed Frameworks */,
			);
			buildRules = (
			);
			dependencies = (
				62D5E4AF2FA5DA2A00CADD72 /* PBXTargetDependency */,
			);
			fileSystemSynchronizedGroups = (
				62D5D5292FA1673B00CADD72 /* Server */,
			);
			name = Server;
			packageProductDependencies = (
			);
			productName = "Galley Server";
			productReference = 626E8D4F2F9DD1C700BD51F9 /* Galley Server.app */;
			productType = "com.apple.product-type.application";
		};
		626E8D5B2F9DD1C800BD51F9 /* Tests */ = {
			isa = PBXNativeTarget;
			buildConfigurationList = 626E8D732F9DD1C800BD51F9 /* Build configuration list for PBXNativeTarget "Tests" */;
			buildPhases = (
				626E8D582F9DD1C800BD51F9 /* Sources */,
				626E8D592F9DD1C800BD51F9 /* Frameworks */,
				626E8D5A2F9DD1C800BD51F9 /* Resources */,
			);
			buildRules = (
			);
			dependencies = (
				62D5E4DE2FA5E08800CADD72 /* PBXTargetDependency */,
			);
			fileSystemSynchronizedGroups = (
				62D5E4D52FA5E06F00CADD72 /* Tests */,
			);
			name = Tests;
			packageProductDependencies = (
				62FE000400000000CADD7201 /* ALFoundation */,
			);
			productName = GalleyTests;
			productReference = 626E8D5C2F9DD1C800BD51F9 /* Tests.xctest */;
			productType = "com.apple.product-type.bundle.unit-test";
		};
		62CC3C5E2FA7B8F90018F091 /* UITests */ = {
			isa = PBXNativeTarget;
			buildConfigurationList = 62CC3C672FA7B8F90018F091 /* Build configuration list for PBXNativeTarget "UITests" */;
			buildPhases = (
				62CC3C5B2FA7B8F90018F091 /* Sources */,
				62CC3C5C2FA7B8F90018F091 /* Frameworks */,
				62CC3C5D2FA7B8F90018F091 /* Resources */,
				62CC3C722FA7BA440018F091 /* Embed Frameworks */,
			);
			buildRules = (
			);
			dependencies = (
				62CC3C662FA7B8F90018F091 /* PBXTargetDependency */,
				62CC3C712FA7BA440018F091 /* PBXTargetDependency */,
			);
			fileSystemSynchronizedGroups = (
				62CC3C602FA7B8F90018F091 /* UITests */,
			);
			name = UITests;
			packageProductDependencies = (
			);
			productName = UITests;
			productReference = 62CC3C5F2FA7B8F90018F091 /* UITests.xctest */;
			productType = "com.apple.product-type.bundle.ui-testing";
		};
		62D5CA182FA048F000CADD72 /* Viewer */ = {
			isa = PBXNativeTarget;
			buildConfigurationList = 62D5CA252FA048F000CADD72 /* Build configuration list for PBXNativeTarget "Viewer" */;
			buildPhases = (
				62D5CA152FA048F000CADD72 /* Sources */,
				62D5E0A62FA5BFB000CADD72 /* Lint */,
				62D5CA162FA048F000CADD72 /* Frameworks */,
				62D5CA172FA048F000CADD72 /* Resources */,
				62D5E0A82FA5BFB000CADD72 /* Compile AppleScripts */,
				62D5E1042FA5C53400CADD72 /* Embed Frameworks */,
				62564F432FA857A400FF0F84 /* Embed Foundation Extensions */,
			);
			buildRules = (
			);
			dependencies = (
				62B8BEAF2FB96B6A004FB681 /* PBXTargetDependency */,
				62D5E7692FA5E20100CADD72 /* PBXTargetDependency */,
				62564F3D2FA857A400FF0F84 /* PBXTargetDependency */,
			);
			fileSystemSynchronizedGroups = (
				62D5D5432FA1674A00CADD72 /* Viewer */,
			);
			name = Viewer;
			packageProductDependencies = (
				62D5E4B52FA5DB9200CADD72 /* ALFoundation */,
			);
			productName = Galley;
			productReference = 62D5CA192FA048F000CADD72 /* Galley.app */;
			productType = "com.apple.product-type.application";
		};
		62D5E4322FA5D93700CADD72 /* GalleyCoreKit */ = {
			isa = PBXNativeTarget;
			buildConfigurationList = 62D5E43B2FA5D93700CADD72 /* Build configuration list for PBXNativeTarget "GalleyCoreKit" */;
			buildPhases = (
				62D5E42E2FA5D93700CADD72 /* Headers */,
				62D5E42F2FA5D93700CADD72 /* Sources */,
				62D5E4302FA5D93700CADD72 /* Frameworks */,
				62D5E4312FA5D93700CADD72 /* Resources */,
			);
			buildRules = (
			);
			dependencies = (
				62D5E4A32FA5DA0600CADD72 /* PBXTargetDependency */,
				62D5E4A52FA5DA0600CADD72 /* PBXTargetDependency */,
			);
			fileSystemSynchronizedGroups = (
				62D5E4802FA5D9AB00CADD72 /* GalleyCoreKit */,
			);
			name = GalleyCoreKit;
			packageProductDependencies = (
				62D5E49B2FA5D9D900CADD72 /* Markdown */,
				62D5E4B22FA5DAEC00CADD72 /* ALFoundation */,
				62FA000200000000CADD7300 /* ObservableDefaults */,
			);
			productName = GalleyCoreKit;
			productReference = 62D5E4332FA5D93700CADD72 /* GalleyCoreKit.framework */;
			productType = "com.apple.product-type.framework";
		};
		62D5E4432FA5D95400CADD72 /* GalleyServerKit */ = {
			isa = PBXNativeTarget;
			buildConfigurationList = 62D5E44C2FA5D95400CADD72 /* Build configuration list for PBXNativeTarget "GalleyServerKit" */;
			buildPhases = (
				62D5E43F2FA5D95400CADD72 /* Headers */,
				62D5E4402FA5D95400CADD72 /* Sources */,
				62D5E4412FA5D95400CADD72 /* Frameworks */,
				62D5E4422FA5D95400CADD72 /* Resources */,
			);
			buildRules = (
			);
			dependencies = (
				62D5E4A92FA5DA1F00CADD72 /* PBXTargetDependency */,
				62D5E4AB2FA5DA1F00CADD72 /* PBXTargetDependency */,
				62D5E4AD2FA5DA1F00CADD72 /* PBXTargetDependency */,
			);
			fileSystemSynchronizedGroups = (
				62D5E4562FA5D99A00CADD72 /* GalleyServerKit */,
			);
			name = GalleyServerKit;
			packageProductDependencies = (
				62D5E49E2FA5D9F100CADD72 /* Hummingbird */,
				62D5E4A02FA5D9F100CADD72 /* HummingbirdTLS */,
			);
			productName = GalleyServerKit;
			productReference = 62D5E4442FA5D95400CADD72 /* GalleyServerKit.framework */;
			productType = "com.apple.product-type.framework";
		};
/* End PBXNativeTarget section */

/* Begin PBXProject section */
		626E8D472F9DD1C700BD51F9 /* Project object */ = {
			isa = PBXProject;
			attributes = {
				BuildIndependentTargetsInParallel = 1;
				LastSwiftUpdateCheck = 2650;
				LastUpgradeCheck = 2650;
				TargetAttributes = {
					62564F2F2FA857A400FF0F84 = {
						CreatedOnToolsVersion = 26.4.1;
					};
					626E8D4E2F9DD1C700BD51F9 = {
						CreatedOnToolsVersion = 26.4.1;
					};
					626E8D5B2F9DD1C800BD51F9 = {
						CreatedOnToolsVersion = 26.4.1;
						TestTargetID = 626E8D4E2F9DD1C700BD51F9;
					};
					62CC3C5E2FA7B8F90018F091 = {
						CreatedOnToolsVersion = 26.4.1;
						TestTargetID = 62D5CA182FA048F000CADD72;
					};
					62D5CA182FA048F000CADD72 = {
						CreatedOnToolsVersion = 26.4.1;
					};
					62D5E4322FA5D93700CADD72 = {
						CreatedOnToolsVersion = 26.4.1;
					};
					62D5E4432FA5D95400CADD72 = {
						CreatedOnToolsVersion = 26.4.1;
					};
				};
			};
			buildConfigurationList = 626E8D4A2F9DD1C700BD51F9 /* Build configuration list for PBXProject "Galley" */;
			developmentRegion = en;
			hasScannedForEncodings = 0;
			knownRegions = (
				en,
				Base,
				ru,
			);
			mainGroup = 626E8D462F9DD1C700BD51F9;
			minimizedProjectReferenceProxies = 1;
			packageReferences = (
				62D5E1112FA5CB0800CADD72 /* XCRemoteSwiftPackageReference "swift-core-kit" */,
				62D5E49A2FA5D9D900CADD72 /* XCRemoteSwiftPackageReference "swift-markdown" */,
				62D5E49D2FA5D9F100CADD72 /* XCRemoteSwiftPackageReference "hummingbird" */,
				62FA000100000000CADD7300 /* XCRemoteSwiftPackageReference "ObservableDefaults" */,
			);
			preferredProjectObjectVersion = 77;
			productRefGroup = 626E8D502F9DD1C700BD51F9 /* Products */;
			projectDirPath = "";
			projectRoot = "";
			targets = (
				62D5E4322FA5D93700CADD72 /* GalleyCoreKit */,
				62D5E4432FA5D95400CADD72 /* GalleyServerKit */,
				626E8D4E2F9DD1C700BD51F9 /* Server */,
				62564F2F2FA857A400FF0F84 /* Quicklook */,
				62D5CA182FA048F000CADD72 /* Viewer */,
				626E8D5B2F9DD1C800BD51F9 /* Tests */,
				62CC3C5E2FA7B8F90018F091 /* UITests */,
			);
		};
/* End PBXProject section */

/* Begin PBXResourcesBuildPhase section */
		62564F2E2FA857A400FF0F84 /* Resources */ = {
			isa = PBXResourcesBuildPhase;
			buildActionMask = 2147483647;
			files = (
			);
			runOnlyForDeploymentPostprocessing = 0;
		};
		626E8D4D2F9DD1C700BD51F9 /* Resources */ = {
			isa = PBXResourcesBuildPhase;
			buildActionMask = 2147483647;
			files = (
			);
			runOnlyForDeploymentPostprocessing = 0;
		};
		626E8D5A2F9DD1C800BD51F9 /* Resources */ = {
			isa = PBXResourcesBuildPhase;
			buildActionMask = 2147483647;
			files = (
			);
			runOnlyForDeploymentPostprocessing = 0;
		};
		62CC3C5D2FA7B8F90018F091 /* Resources */ = {
			isa = PBXResourcesBuildPhase;
			buildActionMask = 2147483647;
			files = (
			);
			runOnlyForDeploymentPostprocessing = 0;
		};
		62D5CA172FA048F000CADD72 /* Resources */ = {
			isa = PBXResourcesBuildPhase;
			buildActionMask = 2147483647;
			files = (
				62D5E0A52FA5BE7800CADD72 /* Galley Server.app in Resources */,
			);
			runOnlyForDeploymentPostprocessing = 0;
		};
		62D5E4312FA5D93700CADD72 /* Resources */ = {
			isa = PBXResourcesBuildPhase;
			buildActionMask = 2147483647;
			files = (
			);
			runOnlyForDeploymentPostprocessing = 0;
		};
		62D5E4422FA5D95400CADD72 /* Resources */ = {
			isa = PBXResourcesBuildPhase;
			buildActionMask = 2147483647;
			files = (
			);
			runOnlyForDeploymentPostprocessing = 0;
		};
/* End PBXResourcesBuildPhase section */

/* Begin PBXShellScriptBuildPhase section */
		62D5E0A62FA5BFB000CADD72 /* Lint */ = {
			isa = PBXShellScriptBuildPhase;
			alwaysOutOfDate = 1;
			buildActionMask = 12;
			files = (
			);
			inputFileListPaths = (
			);
			inputPaths = (
			);
			name = Lint;
			outputFileListPaths = (
			);
			outputPaths = (
			);
			runOnlyForDeploymentPostprocessing = 0;
			shellPath = /bin/sh;
			shellScript = "\"${SRCROOT}/Scripts/lint.sh\"\n";
		};
		62D5E0A82FA5BFB000CADD72 /* Compile AppleScripts */ = {
			isa = PBXShellScriptBuildPhase;
			alwaysOutOfDate = 1;
			buildActionMask = 12;
			files = (
			);
			inputFileListPaths = (
			);
			inputPaths = (
			);
			name = "Compile AppleScripts";
			outputFileListPaths = (
			);
			outputPaths = (
			);
			runOnlyForDeploymentPostprocessing = 0;
			shellPath = /bin/sh;
			shellScript = "\"${SRCROOT}/Scripts/compile-applescripts.sh\"\n";
		};
/* End PBXShellScriptBuildPhase section */

/* Begin PBXSourcesBuildPhase section */
		62564F2C2FA857A400FF0F84 /* Sources */ = {
			isa = PBXSourcesBuildPhase;
			buildActionMask = 2147483647;
			files = (
			);
			runOnlyForDeploymentPostprocessing = 0;
		};
		626E8D4B2F9DD1C700BD51F9 /* Sources */ = {
			isa = PBXSourcesBuildPhase;
			buildActionMask = 2147483647;
			files = (
			);
			runOnlyForDeploymentPostprocessing = 0;
		};
		626E8D582F9DD1C800BD51F9 /* Sources */ = {
			isa = PBXSourcesBuildPhase;
			buildActionMask = 2147483647;
			files = (
			);
			runOnlyForDeploymentPostprocessing = 0;
		};
		62CC3C5B2FA7B8F90018F091 /* Sources */ = {
			isa = PBXSourcesBuildPhase;
			buildActionMask = 2147483647;
			files = (
			);
			runOnlyForDeploymentPostprocessing = 0;
		};
		62D5CA152FA048F000CADD72 /* Sources */ = {
			isa = PBXSourcesBuildPhase;
			buildActionMask = 2147483647;
			files = (
			);
			runOnlyForDeploymentPostprocessing = 0;
		};
		62D5E42F2FA5D93700CADD72 /* Sources */ = {
			isa = PBXSourcesBuildPhase;
			buildActionMask = 2147483647;
			files = (
			);
			runOnlyForDeploymentPostprocessing = 0;
		};
		62D5E4402FA5D95400CADD72 /* Sources */ = {
			isa = PBXSourcesBuildPhase;
			buildActionMask = 2147483647;
			files = (
			);
			runOnlyForDeploymentPostprocessing = 0;
		};
/* End PBXSourcesBuildPhase section */

/* Begin PBXTargetDependency section */
		62564F3D2FA857A400FF0F84 /* PBXTargetDependency */ = {
			isa = PBXTargetDependency;
			platformFilters = (
				macos,
			);
			target = 62564F2F2FA857A400FF0F84 /* Quicklook */;
			targetProxy = 62564F3C2FA857A400FF0F84 /* PBXContainerItemProxy */;
		};
		62564F472FA857C400FF0F84 /* PBXTargetDependency */ = {
			isa = PBXTargetDependency;
			target = 62D5E4322FA5D93700CADD72 /* GalleyCoreKit */;
			targetProxy = 62564F462FA857C400FF0F84 /* PBXContainerItemProxy */;
		};
		62B8BEAF2FB96B6A004FB681 /* PBXTargetDependency */ = {
			isa = PBXTargetDependency;
			target = 62D5E4322FA5D93700CADD72 /* GalleyCoreKit */;
			targetProxy = 62B8BEAE2FB96B6A004FB681 /* PBXContainerItemProxy */;
		};
		62CC3C662FA7B8F90018F091 /* PBXTargetDependency */ = {
			isa = PBXTargetDependency;
			target = 62D5CA182FA048F000CADD72 /* Viewer */;
			targetProxy = 62CC3C652FA7B8F90018F091 /* PBXContainerItemProxy */;
		};
		62CC3C712FA7BA440018F091 /* PBXTargetDependency */ = {
			isa = PBXTargetDependency;
			target = 62D5E4322FA5D93700CADD72 /* GalleyCoreKit */;
			targetProxy = 62CC3C702FA7BA440018F091 /* PBXContainerItemProxy */;
		};
		62D5E4A32FA5DA0600CADD72 /* PBXTargetDependency */ = {
			isa = PBXTargetDependency;
			productRef = 62D5E4A22FA5DA0600CADD72 /* ALFoundation */;
		};
		62D5E4A52FA5DA0600CADD72 /* PBXTargetDependency */ = {
			isa = PBXTargetDependency;
			productRef = 62D5E4A42FA5DA0600CADD72 /* Markdown */;
		};
		62D5E4A92FA5DA1F00CADD72 /* PBXTargetDependency */ = {
			isa = PBXTargetDependency;
			target = 62D5E4322FA5D93700CADD72 /* GalleyCoreKit */;
			targetProxy = 62D5E4A82FA5DA1F00CADD72 /* PBXContainerItemProxy */;
		};
		62D5E4AB2FA5DA1F00CADD72 /* PBXTargetDependency */ = {
			isa = PBXTargetDependency;
			productRef = 62D5E4AA2FA5DA1F00CADD72 /* Hummingbird */;
		};
		62D5E4AD2FA5DA1F00CADD72 /* PBXTargetDependency */ = {
			isa = PBXTargetDependency;
			productRef = 62D5E4AC2FA5DA1F00CADD72 /* HummingbirdTLS */;
		};
		62D5E4AF2FA5DA2A00CADD72 /* PBXTargetDependency */ = {
			isa = PBXTargetDependency;
			target = 62D5E4432FA5D95400CADD72 /* GalleyServerKit */;
			targetProxy = 62D5E4AE2FA5DA2A00CADD72 /* PBXContainerItemProxy */;
		};
		62D5E4DE2FA5E08800CADD72 /* PBXTargetDependency */ = {
			isa = PBXTargetDependency;
			target = 62D5CA182FA048F000CADD72 /* Viewer */;
			targetProxy = 62D5E4DD2FA5E08800CADD72 /* PBXContainerItemProxy */;
		};
		62D5E7692FA5E20100CADD72 /* PBXTargetDependency */ = {
			isa = PBXTargetDependency;
			platformFilters = (
				macos,
			);
			target = 626E8D4E2F9DD1C700BD51F9 /* Server */;
			targetProxy = 62D5E7682FA5E20100CADD72 /* PBXContainerItemProxy */;
		};
/* End PBXTargetDependency section */

/* Begin XCBuildConfiguration section */
		62564F412FA857A400FF0F84 /* Debug */ = {
			isa = XCBuildConfiguration;
			buildSettings = {
				CODE_SIGN_ENTITLEMENTS = Sources/Quicklook/Quicklook.entitlements;
				ENABLE_APP_SANDBOX = YES;
				ENABLE_HARDENED_RUNTIME = YES;
				ENABLE_OUTGOING_NETWORK_CONNECTIONS = YES;
				ENABLE_USER_SELECTED_FILES = readonly;
				INFOPLIST_FILE = Sources/Quicklook/Info.plist;
				INFOPLIST_KEY_CFBundleDisplayName = Quicklook;
				LD_RUNPATH_SEARCH_PATHS = (
					"$(inherited)",
					"@executable_path/../Frameworks",
					"@executable_path/../../../../Frameworks",
				);
				PRODUCT_BUNDLE_IDENTIFIER = net.leuski.galley.Quicklook;
				PRODUCT_NAME = "$(TARGET_NAME)";
				SKIP_INSTALL = YES;
				STRING_CATALOG_GENERATE_SYMBOLS = YES;
				SWIFT_EMIT_LOC_STRINGS = YES;
			};
			name = Debug;
		};
		62564F422FA857A400FF0F84 /* Release */ = {
			isa = XCBuildConfiguration;
			buildSettings = {
				CODE_SIGN_ENTITLEMENTS = Sources/Quicklook/Quicklook.entitlements;
				ENABLE_APP_SANDBOX = YES;
				ENABLE_HARDENED_RUNTIME = YES;
				ENABLE_OUTGOING_NETWORK_CONNECTIONS = YES;
				ENABLE_USER_SELECTED_FILES = readonly;
				INFOPLIST_FILE = Sources/Quicklook/Info.plist;
				INFOPLIST_KEY_CFBundleDisplayName = Quicklook;
				LD_RUNPATH_SEARCH_PATHS = (
					"$(inherited)",
					"@executable_path/../Frameworks",
					"@executable_path/../../../../Frameworks",
				);
				PRODUCT_BUNDLE_IDENTIFIER = net.leuski.galley.Quicklook;
				PRODUCT_NAME = "$(TARGET_NAME)";
				SKIP_INSTALL = YES;
				STRING_CATALOG_GENERATE_SYMBOLS = YES;
				SWIFT_EMIT_LOC_STRINGS = YES;
			};
			name = Release;
		};
		626E8D6E2F9DD1C800BD51F9 /* Debug */ = {
			isa = XCBuildConfiguration;
			buildSettings = {
				ALWAYS_SEARCH_USER_PATHS = NO;
				ASSETCATALOG_COMPILER_GENERATE_SWIFT_ASSET_SYMBOL_EXTENSIONS = YES;
				CLANG_ANALYZER_LOCALIZABILITY_NONLOCALIZED = YES;
				CLANG_ANALYZER_NONNULL = YES;
				CLANG_ANALYZER_NUMBER_OBJECT_CONVERSION = YES_AGGRESSIVE;
				CLANG_CXX_LANGUAGE_STANDARD = "gnu++20";
				CLANG_ENABLE_MODULES = YES;
				CLANG_ENABLE_OBJC_ARC = YES;
				CLANG_ENABLE_OBJC_WEAK = YES;
				CLANG_WARN_BLOCK_CAPTURE_AUTORELEASING = YES;
				CLANG_WARN_BOOL_CONVERSION = YES;
				CLANG_WARN_COMMA = YES;
				CLANG_WARN_CONSTANT_CONVERSION = YES;
				CLANG_WARN_DEPRECATED_OBJC_IMPLEMENTATIONS = YES;
				CLANG_WARN_DIRECT_OBJC_ISA_USAGE = YES_ERROR;
				CLANG_WARN_DOCUMENTATION_COMMENTS = YES;
				CLANG_WARN_EMPTY_BODY = YES;
				CLANG_WARN_ENUM_CONVERSION = YES;
				CLANG_WARN_INFINITE_RECURSION = YES;
				CLANG_WARN_INT_CONVERSION = YES;
				CLANG_WARN_NON_LITERAL_NULL_CONVERSION = YES;
				CLANG_WARN_OBJC_IMPLICIT_RETAIN_SELF = YES;
				CLANG_WARN_OBJC_LITERAL_CONVERSION = YES;
				CLANG_WARN_OBJC_ROOT_CLASS = YES_ERROR;
				CLANG_WARN_QUOTED_INCLUDE_IN_FRAMEWORK_HEADER = YES;
				CLANG_WARN_RANGE_LOOP_ANALYSIS = YES;
				CLANG_WARN_STRICT_PROTOTYPES = YES;
				CLANG_WARN_SUSPICIOUS_MOVE = YES;
				CLANG_WARN_UNGUARDED_AVAILABILITY = YES_AGGRESSIVE;
				CLANG_WARN_UNREACHABLE_CODE = YES;
				CLANG_WARN__DUPLICATE_METHOD_MATCH = YES;
				COPY_PHASE_STRIP = NO;
				CURRENT_PROJECT_VERSION = 1;
				DEAD_CODE_STRIPPING = YES;
				DEBUG_INFORMATION_FORMAT = dwarf;
				DEVELOPMENT_TEAM = FS73MHCS98;
				ENABLE_STRICT_OBJC_MSGSEND = YES;
				ENABLE_TESTABILITY = YES;
				GCC_C_LANGUAGE_STANDARD = gnu17;
				GCC_DYNAMIC_NO_PIC = NO;
				GCC_NO_COMMON_BLOCKS = YES;
				GCC_OPTIMIZATION_LEVEL = 0;
				GCC_PREPROCESSOR_DEFINITIONS = (
					"DEBUG=1",
					"$(inherited)",
				);
				GCC_WARN_64_TO_32_BIT_CONVERSION = YES;
				GCC_WARN_ABOUT_RETURN_TYPE = YES_ERROR;
				GCC_WARN_UNDECLARED_SELECTOR = YES;
				GCC_WARN_UNINITIALIZED_AUTOS = YES_AGGRESSIVE;
				GCC_WARN_UNUSED_FUNCTION = YES;
				GCC_WARN_UNUSED_VARIABLE = YES;
				GENERATE_INFOPLIST_FILE = YES;
				INFOPLIST_KEY_NSHumanReadableCopyright = "Copyright © 2026 Anton Leuski. All rights reserved.";
				LOCALIZATION_PREFERS_STRING_CATALOGS = YES;
				MACOSX_DEPLOYMENT_TARGET = 26.0;
				MARKETING_VERSION = 1.0;
				MTL_ENABLE_DEBUG_INFO = INCLUDE_SOURCE;
				MTL_FAST_MATH = YES;
				ONLY_ACTIVE_ARCH = YES;
				SDKROOT = macosx;
				STRING_CATALOG_GENERATE_SYMBOLS = YES;
				SWIFT_ACTIVE_COMPILATION_CONDITIONS = "DEBUG $(inherited)";
				SWIFT_OPTIMIZATION_LEVEL = "-Onone";
				SWIFT_UPCOMING_FEATURE_MEMBER_IMPORT_VISIBILITY = YES;
				SWIFT_VERSION = 6.0;
				XROS_DEPLOYMENT_TARGET = 26.0;
			};
			name = Debug;
		};
		626E8D6F2F9DD1C800BD51F9 /* Release */ = {
			isa = XCBuildConfiguration;
			buildSettings = {
				ALWAYS_SEARCH_USER_PATHS = NO;
				ASSETCATALOG_COMPILER_GENERATE_SWIFT_ASSET_SYMBOL_EXTENSIONS = YES;
				CLANG_ANALYZER_LOCALIZABILITY_NONLOCALIZED = YES;
				CLANG_ANALYZER_NONNULL = YES;
				CLANG_ANALYZER_NUMBER_OBJECT_CONVERSION = YES_AGGRESSIVE;
				CLANG_CXX_LANGUAGE_STANDARD = "gnu++20";
				CLANG_ENABLE_MODULES = YES;
				CLANG_ENABLE_OBJC_ARC = YES;
				CLANG_ENABLE_OBJC_WEAK = YES;
				CLANG_WARN_BLOCK_CAPTURE_AUTORELEASING = YES;
				CLANG_WARN_BOOL_CONVERSION = YES;
				CLANG_WARN_COMMA = YES;
				CLANG_WARN_CONSTANT_CONVERSION = YES;
				CLANG_WARN_DEPRECATED_OBJC_IMPLEMENTATIONS = YES;
				CLANG_WARN_DIRECT_OBJC_ISA_USAGE = YES_ERROR;
				CLANG_WARN_DOCUMENTATION_COMMENTS = YES;
				CLANG_WARN_EMPTY_BODY = YES;
				CLANG_WARN_ENUM_CONVERSION = YES;
				CLANG_WARN_INFINITE_RECURSION = YES;
				CLANG_WARN_INT_CONVERSION = YES;
				CLANG_WARN_NON_LITERAL_NULL_CONVERSION = YES;
				CLANG_WARN_OBJC_IMPLICIT_RETAIN_SELF = YES;
				CLANG_WARN_OBJC_LITERAL_CONVERSION = YES;
				CLANG_WARN_OBJC_ROOT_CLASS = YES_ERROR;
				CLANG_WARN_QUOTED_INCLUDE_IN_FRAMEWORK_HEADER = YES;
				CLANG_WARN_RANGE_LOOP_ANALYSIS = YES;
				CLANG_WARN_STRICT_PROTOTYPES = YES;
				CLANG_WARN_SUSPICIOUS_MOVE = YES;
				CLANG_WARN_UNGUARDED_AVAILABILITY = YES_AGGRESSIVE;
				CLANG_WARN_UNREACHABLE_CODE = YES;
				CLANG_WARN__DUPLICATE_METHOD_MATCH = YES;
				COPY_PHASE_STRIP = NO;
				CURRENT_PROJECT_VERSION = 1;
				DEAD_CODE_STRIPPING = YES;
				DEBUG_INFORMATION_FORMAT = "dwarf-with-dsym";
				DEVELOPMENT_TEAM = FS73MHCS98;
				ENABLE_NS_ASSERTIONS = NO;
				ENABLE_STRICT_OBJC_MSGSEND = YES;
				GCC_C_LANGUAGE_STANDARD = gnu17;
				GCC_NO_COMMON_BLOCKS = YES;
				GCC_WARN_64_TO_32_BIT_CONVERSION = YES;
				GCC_WARN_ABOUT_RETURN_TYPE = YES_ERROR;
				GCC_WARN_UNDECLARED_SELECTOR = YES;
				GCC_WARN_UNINITIALIZED_AUTOS = YES_AGGRESSIVE;
				GCC_WARN_UNUSED_FUNCTION = YES;
				GCC_WARN_UNUSED_VARIABLE = YES;
				GENERATE_INFOPLIST_FILE = YES;
				INFOPLIST_KEY_NSHumanReadableCopyright = "Copyright © 2026 Anton Leuski. All rights reserved.";
				LOCALIZATION_PREFERS_STRING_CATALOGS = YES;
				MACOSX_DEPLOYMENT_TARGET = 26.0;
				MARKETING_VERSION = 1.0;
				MTL_ENABLE_DEBUG_INFO = NO;
				MTL_FAST_MATH = YES;
				SDKROOT = macosx;
				STRING_CATALOG_GENERATE_SYMBOLS = YES;
				SWIFT_COMPILATION_MODE = wholemodule;
				SWIFT_UPCOMING_FEATURE_MEMBER_IMPORT_VISIBILITY = YES;
				SWIFT_VERSION = 6.0;
				XROS_DEPLOYMENT_TARGET = 26.0;
			};
			name = Release;
		};
		626E8D712F9DD1C800BD51F9 /* Debug */ = {
			isa = XCBuildConfiguration;
			buildSettings = {
				ASSETCATALOG_COMPILER_APPICON_NAME = AppIcon;
				ASSETCATALOG_COMPILER_GLOBAL_ACCENT_COLOR_NAME = AccentColor;
				COMBINE_HIDPI_IMAGES = YES;
				ENABLE_HARDENED_RUNTIME = YES;
				ENABLE_PREVIEWS = YES;
				INFOPLIST_KEY_LSUIElement = YES;
				LD_RUNPATH_SEARCH_PATHS = (
					"$(inherited)",
					"@executable_path/../Frameworks",
					"@executable_path/../../../../Frameworks",
				);
				PRODUCT_BUNDLE_IDENTIFIER = net.leuski.galley.server;
				PRODUCT_NAME = "Galley Server";
				REGISTER_APP_GROUPS = YES;
				STRING_CATALOG_GENERATE_SYMBOLS = YES;
				SWIFT_EMIT_LOC_STRINGS = YES;
			};
			name = Debug;
		};
		626E8D722F9DD1C800BD51F9 /* Release */ = {
			isa = XCBuildConfiguration;
			buildSettings = {
				ASSETCATALOG_COMPILER_APPICON_NAME = AppIcon;
				ASSETCATALOG_COMPILER_GLOBAL_ACCENT_COLOR_NAME = AccentColor;
				COMBINE_HIDPI_IMAGES = YES;
				ENABLE_HARDENED_RUNTIME = YES;
				ENABLE_PREVIEWS = YES;
				INFOPLIST_KEY_LSUIElement = YES;
				LD_RUNPATH_SEARCH_PATHS = (
					"$(inherited)",
					"@executable_path/../Frameworks",
					"@executable_path/../../../../Frameworks",
				);
				PRODUCT_BUNDLE_IDENTIFIER = net.leuski.galley.server;
				PRODUCT_NAME = "Galley Server";
				REGISTER_APP_GROUPS = YES;
				STRING_CATALOG_GENERATE_SYMBOLS = YES;
				SWIFT_EMIT_LOC_STRINGS = YES;
			};
			name = Release;
		};
		626E8D742F9DD1C800BD51F9 /* Debug */ = {
			isa = XCBuildConfiguration;
			buildSettings = {
				BUNDLE_LOADER = "$(TEST_HOST)";
				DEVELOPMENT_TEAM = FS73MHCS98;
				PRODUCT_BUNDLE_IDENTIFIER = net.leuski.galley.tests;
				PRODUCT_NAME = "$(TARGET_NAME)";
				STRING_CATALOG_GENERATE_SYMBOLS = NO;
				SWIFT_APPROACHABLE_CONCURRENCY = YES;
				SWIFT_EMIT_LOC_STRINGS = NO;
				SWIFT_VERSION = 5.0;
				TEST_HOST = "$(BUILT_PRODUCTS_DIR)/Galley.app/$(BUNDLE_EXECUTABLE_FOLDER_PATH)/Galley";
			};
			name = Debug;
		};
		626E8D752F9DD1C800BD51F9 /* Release */ = {
			isa = XCBuildConfiguration;
			buildSettings = {
				BUNDLE_LOADER = "$(TEST_HOST)";
				DEVELOPMENT_TEAM = FS73MHCS98;
				PRODUCT_BUNDLE_IDENTIFIER = net.leuski.galley.tests;
				PRODUCT_NAME = "$(TARGET_NAME)";
				STRING_CATALOG_GENERATE_SYMBOLS = NO;
				SWIFT_APPROACHABLE_CONCURRENCY = YES;
				SWIFT_EMIT_LOC_STRINGS = NO;
				SWIFT_VERSION = 5.0;
				TEST_HOST = "$(BUILT_PRODUCTS_DIR)/Galley.app/$(BUNDLE_EXECUTABLE_FOLDER_PATH)/Galley";
			};
			name = Release;
		};
		62CC3C682FA7B8F90018F091 /* Debug */ = {
			isa = XCBuildConfiguration;
			buildSettings = {
				DEVELOPMENT_TEAM = FS73MHCS98;
				ENABLE_USER_SCRIPT_SANDBOXING = YES;
				PRODUCT_BUNDLE_IDENTIFIER = net.leuski.galley.UITests;
				PRODUCT_NAME = "$(TARGET_NAME)";
				STRING_CATALOG_GENERATE_SYMBOLS = NO;
				SWIFT_APPROACHABLE_CONCURRENCY = YES;
				SWIFT_EMIT_LOC_STRINGS = NO;
				SWIFT_VERSION = 5.0;
				TEST_TARGET_NAME = Viewer;
			};
			name = Debug;
		};
		62CC3C692FA7B8F90018F091 /* Release */ = {
			isa = XCBuildConfiguration;
			buildSettings = {
				DEVELOPMENT_TEAM = FS73MHCS98;
				ENABLE_USER_SCRIPT_SANDBOXING = YES;
				PRODUCT_BUNDLE_IDENTIFIER = net.leuski.galley.UITests;
				PRODUCT_NAME = "$(TARGET_NAME)";
				STRING_CATALOG_GENERATE_SYMBOLS = NO;
				SWIFT_APPROACHABLE_CONCURRENCY = YES;
				SWIFT_EMIT_LOC_STRINGS = NO;
				SWIFT_VERSION = 5.0;
				TEST_TARGET_NAME = Viewer;
			};
			name = Release;
		};
		62D5CA262FA048F000CADD72 /* Debug */ = {
			isa = XCBuildConfiguration;
			buildSettings = {
				ASSETCATALOG_COMPILER_APPICON_NAME = AppIcon;
				ASSETCATALOG_COMPILER_GLOBAL_ACCENT_COLOR_NAME = AccentColor;
				COMBINE_HIDPI_IMAGES = YES;
				ENABLE_HARDENED_RUNTIME = YES;
				ENABLE_PREVIEWS = YES;
				INFOPLIST_FILE = Sources/Viewer/Resources/Info.plist;
				"LD_RUNPATH_SEARCH_PATHS[sdk=macosx*]" = (
					"$(inherited)",
					"@executable_path/../Frameworks",
				);
				"LD_RUNPATH_SEARCH_PATHS[sdk=xros*]" = (
					"$(inherited)",
					"@executable_path/Frameworks",
				);
				"LD_RUNPATH_SEARCH_PATHS[sdk=xrsimulator*]" = (
					"$(inherited)",
					"@executable_path/Frameworks",
				);
				PRODUCT_BUNDLE_IDENTIFIER = net.leuski.galley;
				PRODUCT_NAME = Galley;
				REGISTER_APP_GROUPS = YES;
				STRING_CATALOG_GENERATE_SYMBOLS = YES;
				SUPPORTED_PLATFORMS = "macosx xros xrsimulator";
				SUPPORTS_MACCATALYST = NO;
				SWIFT_EMIT_LOC_STRINGS = YES;
				TARGETED_DEVICE_FAMILY = 7;
			};
			name = Debug;
		};
		62D5CA272FA048F000CADD72 /* Release */ = {
			isa = XCBuildConfiguration;
			buildSettings = {
				ASSETCATALOG_COMPILER_APPICON_NAME = AppIcon;
				ASSETCATALOG_COMPILER_GLOBAL_ACCENT_COLOR_NAME = AccentColor;
				COMBINE_HIDPI_IMAGES = YES;
				ENABLE_HARDENED_RUNTIME = YES;
				ENABLE_PREVIEWS = YES;
				INFOPLIST_FILE = Sources/Viewer/Resources/Info.plist;
				"LD_RUNPATH_SEARCH_PATHS[sdk=macosx*]" = (
					"$(inherited)",
					"@executable_path/../Frameworks",
				);
				"LD_RUNPATH_SEARCH_PATHS[sdk=xros*]" = (
					"$(inherited)",
					"@executable_path/Frameworks",
				);
				"LD_RUNPATH_SEARCH_PATHS[sdk=xrsimulator*]" = (
					"$(inherited)",
					"@executable_path/Frameworks",
				);
				PRODUCT_BUNDLE_IDENTIFIER = net.leuski.galley;
				PRODUCT_NAME = Galley;
				REGISTER_APP_GROUPS = YES;
				STRING_CATALOG_GENERATE_SYMBOLS = YES;
				SUPPORTED_PLATFORMS = "macosx xros xrsimulator";
				SUPPORTS_MACCATALYST = NO;
				SWIFT_EMIT_LOC_STRINGS = YES;
				TARGETED_DEVICE_FAMILY = 7;
			};
			name = Release;
		};
		62D5E43C2FA5D93700CADD72 /* Debug */ = {
			isa = XCBuildConfiguration;
			buildSettings = {
				CODE_SIGN_IDENTITY = "";
				COMBINE_HIDPI_IMAGES = YES;
				DYLIB_COMPATIBILITY_VERSION = 1;
				DYLIB_CURRENT_VERSION = 1;
				DYLIB_INSTALL_NAME_BASE = "@rpath";
				ENABLE_MODULE_VERIFIER = YES;
				INSTALL_PATH = "$(LOCAL_LIBRARY_DIR)/Frameworks";
				LD_RUNPATH_SEARCH_PATHS = (
					"$(inherited)",
					"@executable_path/../Frameworks",
					"@loader_path/Frameworks",
				);
				PRODUCT_BUNDLE_IDENTIFIER = net.leuski.GalleyCoreKit;
				PRODUCT_NAME = "$(TARGET_NAME:c99extidentifier)";
				SKIP_INSTALL = YES;
				STRING_CATALOG_GENERATE_SYMBOLS = YES;
				SUPPORTED_PLATFORMS = "macosx xros xrsimulator";
				SUPPORTS_MACCATALYST = NO;
				SWIFT_EMIT_LOC_STRINGS = YES;
				SWIFT_INSTALL_MODULE = YES;
				SWIFT_INSTALL_OBJC_HEADER = NO;
				TARGETED_DEVICE_FAMILY = 7;
				VERSIONING_SYSTEM = "apple-generic";
				VERSION_INFO_PREFIX = "";
			};
			name = Debug;
		};
		62D5E43D2FA5D93700CADD72 /* Release */ = {
			isa = XCBuildConfiguration;
			buildSettings = {
				CODE_SIGN_IDENTITY = "";
				COMBINE_HIDPI_IMAGES = YES;
				DYLIB_COMPATIBILITY_VERSION = 1;
				DYLIB_CURRENT_VERSION = 1;
				DYLIB_INSTALL_NAME_BASE = "@rpath";
				ENABLE_MODULE_VERIFIER = YES;
				INSTALL_PATH = "$(LOCAL_LIBRARY_DIR)/Frameworks";
				LD_RUNPATH_SEARCH_PATHS = (
					"$(inherited)",
					"@executable_path/../Frameworks",
					"@loader_path/Frameworks",
				);
				PRODUCT_BUNDLE_IDENTIFIER = net.leuski.GalleyCoreKit;
				PRODUCT_NAME = "$(TARGET_NAME:c99extidentifier)";
				SKIP_INSTALL = YES;
				STRING_CATALOG_GENERATE_SYMBOLS = YES;
				SUPPORTED_PLATFORMS = "macosx xros xrsimulator";
				SUPPORTS_MACCATALYST = NO;
				SWIFT_EMIT_LOC_STRINGS = YES;
				SWIFT_INSTALL_MODULE = YES;
				SWIFT_INSTALL_OBJC_HEADER = NO;
				TARGETED_DEVICE_FAMILY = 7;
				VERSIONING_SYSTEM = "apple-generic";
				VERSION_INFO_PREFIX = "";
			};
			name = Release;
		};
		62D5E44D2FA5D95400CADD72 /* Debug */ = {
			isa = XCBuildConfiguration;
			buildSettings = {
				CODE_SIGN_IDENTITY = "";
				COMBINE_HIDPI_IMAGES = YES;
				DYLIB_COMPATIBILITY_VERSION = 1;
				DYLIB_CURRENT_VERSION = 1;
				DYLIB_INSTALL_NAME_BASE = "@rpath";
				ENABLE_MODULE_VERIFIER = YES;
				INSTALL_PATH = "$(LOCAL_LIBRARY_DIR)/Frameworks";
				LD_RUNPATH_SEARCH_PATHS = (
					"$(inherited)",
					"@executable_path/../Frameworks",
					"@loader_path/Frameworks",
				);
				PRODUCT_BUNDLE_IDENTIFIER = net.leuski.GalleyServerKit;
				PRODUCT_NAME = "$(TARGET_NAME:c99extidentifier)";
				SKIP_INSTALL = YES;
				STRING_CATALOG_GENERATE_SYMBOLS = YES;
				SWIFT_EMIT_LOC_STRINGS = YES;
				SWIFT_INSTALL_MODULE = YES;
				SWIFT_INSTALL_OBJC_HEADER = NO;
				VERSIONING_SYSTEM = "apple-generic";
				VERSION_INFO_PREFIX = "";
			};
			name = Debug;
		};
		62D5E44E2FA5D95400CADD72 /* Release */ = {
			isa = XCBuildConfiguration;
			buildSettings = {
				CODE_SIGN_IDENTITY = "";
				COMBINE_HIDPI_IMAGES = YES;
				DYLIB_COMPATIBILITY_VERSION = 1;
				DYLIB_CURRENT_VERSION = 1;
				DYLIB_INSTALL_NAME_BASE = "@rpath";
				ENABLE_MODULE_VERIFIER = YES;
				INSTALL_PATH = "$(LOCAL_LIBRARY_DIR)/Frameworks";
				LD_RUNPATH_SEARCH_PATHS = (
					"$(inherited)",
					"@executable_path/../Frameworks",
					"@loader_path/Frameworks",
				);
				PRODUCT_BUNDLE_IDENTIFIER = net.leuski.GalleyServerKit;
				PRODUCT_NAME = "$(TARGET_NAME:c99extidentifier)";
				SKIP_INSTALL = YES;
				STRING_CATALOG_GENERATE_SYMBOLS = YES;
				SWIFT_EMIT_LOC_STRINGS = YES;
				SWIFT_INSTALL_MODULE = YES;
				SWIFT_INSTALL_OBJC_HEADER = NO;
				VERSIONING_SYSTEM = "apple-generic";
				VERSION_INFO_PREFIX = "";
			};
			name = Release;
		};
/* End XCBuildConfiguration section */

/* Begin XCConfigurationList section */
		62564F402FA857A400FF0F84 /* Build configuration list for PBXNativeTarget "Quicklook" */ = {
			isa = XCConfigurationList;
			buildConfigurations = (
				62564F412FA857A400FF0F84 /* Debug */,
				62564F422FA857A400FF0F84 /* Release */,
			);
			defaultConfigurationIsVisible = 0;
			defaultConfigurationName = Release;
		};
		626E8D4A2F9DD1C700BD51F9 /* Build configuration list for PBXProject "Galley" */ = {
			isa = XCConfigurationList;
			buildConfigurations = (
				626E8D6E2F9DD1C800BD51F9 /* Debug */,
				626E8D6F2F9DD1C800BD51F9 /* Release */,
			);
			defaultConfigurationIsVisible = 0;
			defaultConfigurationName = Release;
		};
		626E8D702F9DD1C800BD51F9 /* Build configuration list for PBXNativeTarget "Server" */ = {
			isa = XCConfigurationList;
			buildConfigurations = (
				626E8D712F9DD1C800BD51F9 /* Debug */,
				626E8D722F9DD1C800BD51F9 /* Release */,
			);
			defaultConfigurationIsVisible = 0;
			defaultConfigurationName = Release;
		};
		626E8D732F9DD1C800BD51F9 /* Build configuration list for PBXNativeTarget "Tests" */ = {
			isa = XCConfigurationList;
			buildConfigurations = (
				626E8D742F9DD1C800BD51F9 /* Debug */,
				626E8D752F9DD1C800BD51F9 /* Release */,
			);
			defaultConfigurationIsVisible = 0;
			defaultConfigurationName = Release;
		};
		62CC3C672FA7B8F90018F091 /* Build configuration list for PBXNativeTarget "UITests" */ = {
			isa = XCConfigurationList;
			buildConfigurations = (
				62CC3C682FA7B8F90018F091 /* Debug */,
				62CC3C692FA7B8F90018F091 /* Release */,
			);
			defaultConfigurationIsVisible = 0;
			defaultConfigurationName = Release;
		};
		62D5CA252FA048F000CADD72 /* Build configuration list for PBXNativeTarget "Viewer" */ = {
			isa = XCConfigurationList;
			buildConfigurations = (
				62D5CA262FA048F000CADD72 /* Debug */,
				62D5CA272FA048F000CADD72 /* Release */,
			);
			defaultConfigurationIsVisible = 0;
			defaultConfigurationName = Release;
		};
		62D5E43B2FA5D93700CADD72 /* Build configuration list for PBXNativeTarget "GalleyCoreKit" */ = {
			isa = XCConfigurationList;
			buildConfigurations = (
				62D5E43C2FA5D93700CADD72 /* Debug */,
				62D5E43D2FA5D93700CADD72 /* Release */,
			);
			defaultConfigurationIsVisible = 0;
			defaultConfigurationName = Release;
		};
		62D5E44C2FA5D95400CADD72 /* Build configuration list for PBXNativeTarget "GalleyServerKit" */ = {
			isa = XCConfigurationList;
			buildConfigurations = (
				62D5E44D2FA5D95400CADD72 /* Debug */,
				62D5E44E2FA5D95400CADD72 /* Release */,
			);
			defaultConfigurationIsVisible = 0;
			defaultConfigurationName = Release;
		};
/* End XCConfigurationList section */

/* Begin XCRemoteSwiftPackageReference section */
		62D5E1112FA5CB0800CADD72 /* XCRemoteSwiftPackageReference "swift-core-kit" */ = {
			isa = XCRemoteSwiftPackageReference;
			repositoryURL = "https://github.com/leuski/swift-core-kit";
			requirement = {
				branch = main;
				kind = branch;
			};
		};
		62D5E49A2FA5D9D900CADD72 /* XCRemoteSwiftPackageReference "swift-markdown" */ = {
			isa = XCRemoteSwiftPackageReference;
			repositoryURL = "https://github.com/swiftlang/swift-markdown";
			requirement = {
				kind = upToNextMajorVersion;
				minimumVersion = 0.7.3;
			};
		};
		62D5E49D2FA5D9F100CADD72 /* XCRemoteSwiftPackageReference "hummingbird" */ = {
			isa = XCRemoteSwiftPackageReference;
			repositoryURL = "https://github.com/hummingbird-project/hummingbird.git";
			requirement = {
				kind = upToNextMajorVersion;
				minimumVersion = 2.23.0;
			};
		};
		62FA000100000000CADD7300 /* XCRemoteSwiftPackageReference "ObservableDefaults" */ = {
			isa = XCRemoteSwiftPackageReference;
			repositoryURL = "https://github.com/fatbobman/ObservableDefaults";
			requirement = {
				kind = upToNextMajorVersion;
				minimumVersion = 1.8.6;
			};
		};
/* End XCRemoteSwiftPackageReference section */

/* Begin XCSwiftPackageProductDependency section */
		62D5E49B2FA5D9D900CADD72 /* Markdown */ = {
			isa = XCSwiftPackageProductDependency;
			package = 62D5E49A2FA5D9D900CADD72 /* XCRemoteSwiftPackageReference "swift-markdown" */;
			productName = Markdown;
		};
		62D5E49E2FA5D9F100CADD72 /* Hummingbird */ = {
			isa = XCSwiftPackageProductDependency;
			package = 62D5E49D2FA5D9F100CADD72 /* XCRemoteSwiftPackageReference "hummingbird" */;
			productName = Hummingbird;
		};
		62D5E4A02FA5D9F100CADD72 /* HummingbirdTLS */ = {
			isa = XCSwiftPackageProductDependency;
			package = 62D5E49D2FA5D9F100CADD72 /* XCRemoteSwiftPackageReference "hummingbird" */;
			productName = HummingbirdTLS;
		};
		62D5E4A22FA5DA0600CADD72 /* ALFoundation */ = {
			isa = XCSwiftPackageProductDependency;
			package = 62D5E1112FA5CB0800CADD72 /* XCRemoteSwiftPackageReference "swift-core-kit" */;
			productName = ALFoundation;
		};
		62D5E4A42FA5DA0600CADD72 /* Markdown */ = {
			isa = XCSwiftPackageProductDependency;
			package = 62D5E49A2FA5D9D900CADD72 /* XCRemoteSwiftPackageReference "swift-markdown" */;
			productName = Markdown;
		};
		62D5E4AA2FA5DA1F00CADD72 /* Hummingbird */ = {
			isa = XCSwiftPackageProductDependency;
			package = 62D5E49D2FA5D9F100CADD72 /* XCRemoteSwiftPackageReference "hummingbird" */;
			productName = Hummingbird;
		};
		62D5E4AC2FA5DA1F00CADD72 /* HummingbirdTLS */ = {
			isa = XCSwiftPackageProductDependency;
			package = 62D5E49D2FA5D9F100CADD72 /* XCRemoteSwiftPackageReference "hummingbird" */;
			productName = HummingbirdTLS;
		};
		62D5E4B22FA5DAEC00CADD72 /* ALFoundation */ = {
			isa = XCSwiftPackageProductDependency;
			package = 62D5E1112FA5CB0800CADD72 /* XCRemoteSwiftPackageReference "swift-core-kit" */;
			productName = ALFoundation;
		};
		62D5E4B52FA5DB9200CADD72 /* ALFoundation */ = {
			isa = XCSwiftPackageProductDependency;
			package = 62D5E1112FA5CB0800CADD72 /* XCRemoteSwiftPackageReference "swift-core-kit" */;
			productName = ALFoundation;
		};
		62FA000200000000CADD7300 /* ObservableDefaults */ = {
			isa = XCSwiftPackageProductDependency;
			package = 62FA000100000000CADD7300 /* XCRemoteSwiftPackageReference "ObservableDefaults" */;
			productName = ObservableDefaults;
		};
		62FE000400000000CADD7201 /* ALFoundation */ = {
			isa = XCSwiftPackageProductDependency;
			package = 62D5E1112FA5CB0800CADD72 /* XCRemoteSwiftPackageReference "swift-core-kit" */;
			productName = ALFoundation;
		};
/* End XCSwiftPackageProductDependency section */
	};
	rootObject = 626E8D472F9DD1C700BD51F9 /* Project object */;
}
